
Microsoft Visual Studio Solution File, Format Version 12.00
# Visual Studio 2012
Project("{FAE04EC0-301F-11D3-BF4B-00C04F79EFBC}") = "SerialTest", "SerialTest\SerialTest.csproj", "{C3C3E014-32AB-40C0-9C05-5B80C9A7B23C}"
EndProject
Global
	GlobalSection(SolutionConfigurationPlatforms) = preSolution
		Debug|Any CPU = Debug|Any CPU
		Release|Any CPU = Release|Any CPU
	EndGlobalSection
	GlobalSection(ProjectConfigurationPlatforms) = postSolution
		{C3C3E014-32AB-40C0-9C05-5B80C9A7B23C}.Debug|Any CPU.ActiveCfg = Debug|Any CPU
		{C3C3E014-32AB-40C0-9C05-5B80C9A7B23C}.Debug|Any CPU.Build.0 = Debug|Any CPU
		{C3C3E014-32AB-40C0-9C05-5B80C9A7B23C}.Release|Any CPU.ActiveCfg = Release|Any CPU
		{C3C3E014-32AB-40C0-9C05-5B80C9A7B23C}.Release|Any CPU.Build.0 = Release|Any CPU
	EndGlobalSection
	GlobalSection(SolutionProperties) = preSolution
		HideSolutionNode = FALSE
	EndGlobalSection
EndGlobal
